
Microsoft Visual Studio Solution File, Format Version 12.00
# Visual Studio 14
VisualStudioVersion = 14.0.22823.1
MinimumVisualStudioVersion = 10.0.40219.1
Project("{FAE04EC0-301F-11D3-BF4B-00C04F79EFBC}") = "Emby.Universal", "Emby.Universal\Emby.Universal.csproj", "{434F331D-4C1C-4E99-8306-C15EF4867D64}"
EndProject
Project("{2150E333-8FDC-42A3-9474-1A3956D46DE8}") = "Submodules", "Submodules", "{AD94511C-48EC-4B6B-BD7B-6DBA265B0F55}"
EndProject
Project("{2150E333-8FDC-42A3-9474-1A3956D46DE8}") = "Cimbalino", "Cimbalino", "{E682CD3F-096C-4A7B-8772-3A3DA4FD0D1D}"
EndProject
Project("{FAE04EC0-301F-11D3-BF4B-00C04F79EFBC}") = "Cimbalino.Toolkit.Core (Win10)", "Submodules\Cimbalino\src\Cimbalino.Toolkit.Core (Win10)\Cimbalino.Toolkit.Core (Win10).csproj", "{A4A154F3-A724-4DDC-9761-E6EE0AFE2374}"
EndProject
Project("{FAE04EC0-301F-11D3-BF4B-00C04F79EFBC}") = "Cimbalino.Toolkit (Win10)", "Submodules\Cimbalino\src\Cimbalino.Toolkit (Win10)\Cimbalino.Toolkit (Win10).csproj", "{539C4FDB-99BB-4481-95D9-5BE9B785D7D8}"
EndProject
Global
	GlobalSection(SolutionConfigurationPlatforms) = preSolution
		Debug|Any CPU = Debug|Any CPU
		Debug|ARM = Debug|ARM
		Debug|x64 = Debug|x64
		Debug|x86 = Debug|x86
		Release|Any CPU = Release|Any CPU
		Release|ARM = Release|ARM
		Release|x64 = Release|x64
		Release|x86 = Release|x86
	EndGlobalSection
	GlobalSection(ProjectConfigurationPlatforms) = postSolution
		{434F331D-4C1C-4E99-8306-C15EF4867D64}.Debug|Any CPU.ActiveCfg = Debug|x86
		{434F331D-4C1C-4E99-8306-C15EF4867D64}.Debug|ARM.ActiveCfg = Debug|ARM
		{434F331D-4C1C-4E99-8306-C15EF4867D64}.Debug|ARM.Build.0 = Debug|ARM
		{434F331D-4C1C-4E99-8306-C15EF4867D64}.Debug|ARM.Deploy.0 = Debug|ARM
		{434F331D-4C1C-4E99-8306-C15EF4867D64}.Debug|x64.ActiveCfg = Debug|x64
		{434F331D-4C1C-4E99-8306-C15EF4867D64}.Debug|x64.Build.0 = Debug|x64
		{434F331D-4C1C-4E99-8306-C15EF4867D64}.Debug|x64.Deploy.0 = Debug|x64
		{434F331D-4C1C-4E99-8306-C15EF4867D64}.Debug|x86.ActiveCfg = Debug|x86
		{434F331D-4C1C-4E99-8306-C15EF4867D64}.Debug|x86.Build.0 = Debug|x86
		{434F331D-4C1C-4E99-8306-C15EF4867D64}.Debug|x86.Deploy.0 = Debug|x86
		{434F331D-4C1C-4E99-8306-C15EF4867D64}.Release|Any CPU.ActiveCfg = Release|x86
		{434F331D-4C1C-4E99-8306-C15EF4867D64}.Release|ARM.ActiveCfg = Release|ARM
		{434F331D-4C1C-4E99-8306-C15EF4867D64}.Release|ARM.Build.0 = Release|ARM
		{434F331D-4C1C-4E99-8306-C15EF4867D64}.Release|ARM.Deploy.0 = Release|ARM
		{434F331D-4C1C-4E99-8306-C15EF4867D64}.Release|x64.ActiveCfg = Release|x64
		{434F331D-4C1C-4E99-8306-C15EF4867D64}.Release|x64.Build.0 = Release|x64
		{434F331D-4C1C-4E99-8306-C15EF4867D64}.Release|x64.Deploy.0 = Release|x64
		{434F331D-4C1C-4E99-8306-C15EF4867D64}.Release|x86.ActiveCfg = Release|x86
		{434F331D-4C1C-4E99-8306-C15EF4867D64}.Release|x86.Build.0 = Release|x86
		{434F331D-4C1C-4E99-8306-C15EF4867D64}.Release|x86.Deploy.0 = Release|x86
		{A4A154F3-A724-4DDC-9761-E6EE0AFE2374}.Debug|Any CPU.ActiveCfg = Debug|Any CPU
		{A4A154F3-A724-4DDC-9761-E6EE0AFE2374}.Debug|Any CPU.Build.0 = Debug|Any CPU
		{A4A154F3-A724-4DDC-9761-E6EE0AFE2374}.Debug|ARM.ActiveCfg = Debug|ARM
		{A4A154F3-A724-4DDC-9761-E6EE0AFE2374}.Debug|ARM.Build.0 = Debug|ARM
		{A4A154F3-A724-4DDC-9761-E6EE0AFE2374}.Debug|x64.ActiveCfg = Debug|x64
		{A4A154F3-A724-4DDC-9761-E6EE0AFE2374}.Debug|x64.Build.0 = Debug|x64
		{A4A154F3-A724-4DDC-9761-E6EE0AFE2374}.Debug|x86.ActiveCfg = Debug|x86
		{A4A154F3-A724-4DDC-9761-E6EE0AFE2374}.Debug|x86.Build.0 = Debug|x86
		{A4A154F3-A724-4DDC-9761-E6EE0AFE2374}.Release|Any CPU.ActiveCfg = Release|Any CPU
		{A4A154F3-A724-4DDC-9761-E6EE0AFE2374}.Release|Any CPU.Build.0 = Release|Any CPU
		{A4A154F3-A724-4DDC-9761-E6EE0AFE2374}.Release|ARM.ActiveCfg = Release|ARM
		{A4A154F3-A724-4DDC-9761-E6EE0AFE2374}.Release|ARM.Build.0 = Release|ARM
		{A4A154F3-A724-4DDC-9761-E6EE0AFE2374}.Release|x64.ActiveCfg = Release|x64
		{A4A154F3-A724-4DDC-9761-E6EE0AFE2374}.Release|x64.Build.0 = Release|x64
		{A4A154F3-A724-4DDC-9761-E6EE0AFE2374}.Release|x86.ActiveCfg = Release|x86
		{A4A154F3-A724-4DDC-9761-E6EE0AFE2374}.Release|x86.Build.0 = Release|x86
		{539C4FDB-99BB-4481-95D9-5BE9B785D7D8}.Debug|Any CPU.ActiveCfg = Debug|Any CPU
		{539C4FDB-99BB-4481-95D9-5BE9B785D7D8}.Debug|Any CPU.Build.0 = Debug|Any CPU
		{539C4FDB-99BB-4481-95D9-5BE9B785D7D8}.Debug|ARM.ActiveCfg = Debug|ARM
		{539C4FDB-99BB-4481-95D9-5BE9B785D7D8}.Debug|ARM.Build.0 = Debug|ARM
		{539C4FDB-99BB-4481-95D9-5BE9B785D7D8}.Debug|x64.ActiveCfg = Debug|x64
		{539C4FDB-99BB-4481-95D9-5BE9B785D7D8}.Debug|x64.Build.0 = Debug|x64
		{539C4FDB-99BB-4481-95D9-5BE9B785D7D8}.Debug|x86.ActiveCfg = Debug|x86
		{539C4FDB-99BB-4481-95D9-5BE9B785D7D8}.Debug|x86.Build.0 = Debug|x86
		{539C4FDB-99BB-4481-95D9-5BE9B785D7D8}.Release|Any CPU.ActiveCfg = Release|Any CPU
		{539C4FDB-99BB-4481-95D9-5BE9B785D7D8}.Release|Any CPU.Build.0 = Release|Any CPU
		{539C4FDB-99BB-4481-95D9-5BE9B785D7D8}.Release|ARM.ActiveCfg = Release|ARM
		{539C4FDB-99BB-4481-95D9-5BE9B785D7D8}.Release|ARM.Build.0 = Release|ARM
		{539C4FDB-99BB-4481-95D9-5BE9B785D7D8}.Release|x64.ActiveCfg = Release|x64
		{539C4FDB-99BB-4481-95D9-5BE9B785D7D8}.Release|x64.Build.0 = Release|x64
		{539C4FDB-99BB-4481-95D9-5BE9B785D7D8}.Release|x86.ActiveCfg = Release|x86
		{539C4FDB-99BB-4481-95D9-5BE9B785D7D8}.Release|x86.Build.0 = Release|x86
	EndGlobalSection
	GlobalSection(SolutionProperties) = preSolution
		HideSolutionNode = FALSE
	EndGlobalSection
	GlobalSection(NestedProjects) = preSolution
		{E682CD3F-096C-4A7B-8772-3A3DA4FD0D1D} = {AD94511C-48EC-4B6B-BD7B-6DBA265B0F55}
		{A4A154F3-A724-4DDC-9761-E6EE0AFE2374} = {E682CD3F-096C-4A7B-8772-3A3DA4FD0D1D}
		{539C4FDB-99BB-4481-95D9-5BE9B785D7D8} = {E682CD3F-096C-4A7B-8772-3A3DA4FD0D1D}
	EndGlobalSection
EndGlobal
